
Microsoft Visual Studio Solution File, Format Version 12.00
# Visual Studio 15
VisualStudioVersion = 15.0.28010.2003
MinimumVisualStudioVersion = 10.0.40219.1
Project("{DA7A21FA-8162-4350-AD77-A8D1B671F3ED}") = "batchmcmc", "batchmcmc\batchmcmc.rxproj", "{144854E3-C44F-45DE-855B-A56B132CC790}"
EndProject
Global
	GlobalSection(SolutionConfigurationPlatforms) = preSolution
		Debug|Any CPU = Debug|Any CPU
		Release|Any CPU = Release|Any CPU
	EndGlobalSection
	GlobalSection(ProjectConfigurationPlatforms) = postSolution
		{144854E3-C44F-45DE-855B-A56B132CC790}.Debug|Any CPU.ActiveCfg = Debug|Any CPU
		{144854E3-C44F-45DE-855B-A56B132CC790}.Debug|Any CPU.Build.0 = Debug|Any CPU
		{144854E3-C44F-45DE-855B-A56B132CC790}.Release|Any CPU.ActiveCfg = Release|Any CPU
		{144854E3-C44F-45DE-855B-A56B132CC790}.Release|Any CPU.Build.0 = Release|Any CPU
	EndGlobalSection
	GlobalSection(SolutionProperties) = preSolution
		HideSolutionNode = FALSE
	EndGlobalSection
	GlobalSection(ExtensibilityGlobals) = postSolution
		SolutionGuid = {53352CDD-A8B7-4C67-A226-6162B45A3F43}
	EndGlobalSection
EndGlobal
